// !$*UTF8*$!
{
	archiveVersion = 1;
	classes = {
	};
	objectVersion = 50;
	objects = {

/* Begin PBXBuildFile section */
		D4897A3A2140A37600EA7A6B /* AppDelegate.swift in Sources */ = {isa = PBXBuildFile; fileRef = D4897A392140A37600EA7A6B /* AppDelegate.swift */; };
		D4897A3C2140A37600EA7A6B /* ViewController.swift in Sources */ = {isa = PBXBuildFile; fileRef = D4897A3B2140A37600EA7A6B /* ViewController.swift */; };
		D4897A3F2140A37600EA7A6B /* Main.storyboard in Resources */ = {isa = PBXBuildFile; fileRef = D4897A3D2140A37600EA7A6B /* Main.storyboard */; };
		D4897A412140A37700EA7A6B /* Assets.xcassets in Resources */ = {isa = PBXBuildFile; fileRef = D4897A402140A37700EA7A6B /* Assets.xcassets */; };
		D4897A442140A37700EA7A6B /* LaunchScreen.storyboard in Resources */ = {isa = PBXBuildFile; fileRef = D4897A422140A37700EA7A6B /* LaunchScreen.storyboard */; };
		D4897A4F2140A37700EA7A6B /* JasonWTests.swift in Sources */ = {isa = PBXBuildFile; fileRef = D4897A4E2140A37700EA7A6B /* JasonWTests.swift */; };
		D4897A5A2140A37700EA7A6B /* JasonWUITests.swift in Sources */ = {isa = PBXBuildFile; fileRef = D4897A592140A37700EA7A6B /* JasonWUITests.swift */; };
/* End PBXBuildFile section */

/* Begin PBXContainerItemProxy section */
		D4897A4B2140A37700EA7A6B /* PBXContainerItemProxy */ = {
			isa = PBXContainerItemProxy;
			containerPortal = D4897A2E2140A37600EA7A6B /* Project object */;
			proxyType = 1;
			remoteGlobalIDString = D4897A352140A37600EA7A6B;
			remoteInfo = JasonW;
		};
		D4897A562140A37700EA7A6B /* PBXContainerItemProxy */ = {
			isa = PBXContainerItemProxy;
			containerPortal = D4897A2E2140A37600EA7A6B /* Project object */;
			proxyType = 1;
			remoteGlobalIDString = D4897A352140A37600EA7A6B;
			remoteInfo = JasonW;
		};
/* End PBXContainerItemProxy section */

/* Begin PBXFileReference section */
		D4897A362140A37600EA7A6B /* JasonW.app */ = {isa = PBXFileReference; explicitFileType = wrapper.application; includeInIndex = 0; path = JasonW.app; sourceTree = BUILT_PRODUCTS_DIR; };
		D4897A392140A37600EA7A6B /* AppDelegate.swift */ = {isa = PBXFileReference; lastKnownFileType = sourcecode.swift; path = AppDelegate.swift; sourceTree = "<group>"; };
		D4897A3B2140A37600EA7A6B /* ViewController.swift */ = {isa = PBXFileReference; lastKnownFileType = sourcecode.swift; path = ViewController.swift; sourceTree = "<group>"; };
		D4897A3E2140A37600EA7A6B /* Base */ = {isa = PBXFileReference; lastKnownFileType = file.storyboard; name = Base; path = Base.lproj/Main.storyboard; sourceTree = "<group>"; };
		D4897A402140A37700EA7A6B /* Assets.xcassets */ = {isa = PBXFileReference; lastKnownFileType = folder.assetcatalog; path = Assets.xcassets; sourceTree = "<group>"; };
		D4897A432140A37700EA7A6B /* Base */ = {isa = PBXFileReference; lastKnownFileType = file.storyboard; name = Base; path = Base.lproj/LaunchScreen.storyboard; sourceTree = "<group>"; };
		D4897A452140A37700EA7A6B /* Info.plist */ = {isa = PBXFileReference; lastKnownFileType = text.plist.xml; path = Info.plist; sourceTree = "<group>"; };
		D4897A4A2140A37700EA7A6B /* JasonWTests.xctest */ = {isa = PBXFileReference; explicitFileType = wrapper.cfbundle; includeInIndex = 0; path = JasonWTests.xctest; sourceTree = BUILT_PRODUCTS_DIR; };
		D4897A4E2140A37700EA7A6B /* JasonWTests.swift */ = {isa = PBXFileReference; lastKnownFileType = sourcecode.swift; path = JasonWTests.swift; sourceTree = "<group>"; };
		D4897A502140A37700EA7A6B /* Info.plist */ = {isa = PBXFileReference; lastKnownFileType = text.plist.xml; path = Info.plist; sourceTree = "<group>"; };
		D4897A552140A37700EA7A6B /* JasonWUITests.xctest */ = {isa = PBXFileReference; explicitFileType = wrapper.cfbundle; includeInIndex = 0; path = JasonWUITests.xctest; sourceTree = BUILT_PRODUCTS_DIR; };
		D4897A592140A37700EA7A6B /* JasonWUITests.swift */ = {isa = PBXFileReference; lastKnownFileType = sourcecode.swift; path = JasonWUITests.swift; sourceTree = "<group>"; };
		D4897A5B2140A37700EA7A6B /* Info.plist */ = {isa = PBXFileReference; lastKnownFileType = text.plist.xml; path = Info.plist; sourceTree = "<group>"; };
/* End PBXFileReference section */

/* Begin PBXFrameworksBuildPhase section */
		D4897A332140A37600EA7A6B /* Frameworks */ = {
			isa = PBXFrameworksBuildPhase;
			buildActionMask = 2147483647;
			files = (
			);
			runOnlyForDeploymentPostprocessing = 0;
		};
		D4897A472140A37700EA7A6B /* Frameworks */ = {
			isa = PBXFrameworksBuildPhase;
			buildActionMask = 2147483647;
			files = (
			);
			runOnlyForDeploymentPostprocessing = 0;
		};
		D4897A522140A37700EA7A6B /* Frameworks */ = {
			isa = PBXFrameworksBuildPhase;
			buildActionMask = 2147483647;
			files = (
			);
			runOnlyForDeploymentPostprocessing = 0;
		};
/* End PBXFrameworksBuildPhase section */

/* Begin PBXGroup section */
		D4897A2D2140A37600EA7A6B = {
			isa = PBXGroup;
			children = (
				D4897A382140A37600EA7A6B /* JasonW */,
				D4897A4D2140A37700EA7A6B /* JasonWTests */,
				D4897A582140A37700EA7A6B /* JasonWUITests */,
				D4897A372140A37600EA7A6B /* Products */,
			);
			sourceTree = "<group>";
		};
		D4897A372140A37600EA7A6B /* Products */ = {
			isa = PBXGroup;
			children = (
				D4897A362140A37600EA7A6B /* JasonW.app */,
				D4897A4A2140A37700EA7A6B /* JasonWTests.xctest */,
				D4897A552140A37700EA7A6B /* JasonWUITests.xctest */,
			);
			name = Products;
			sourceTree = "<group>";
		};
		D4897A382140A37600EA7A6B /* JasonW */ = {
			isa = PBXGroup;
			children = (
				D4897A392140A37600EA7A6B /* AppDelegate.swift */,
				D4897A3B2140A37600EA7A6B /* ViewController.swift */,
				D4897A3D2140A37600EA7A6B /* Main.storyboard */,
				D4897A402140A37700EA7A6B /* Assets.xcassets */,
				D4897A422140A37700EA7A6B /* LaunchScreen.storyboard */,
				D4897A452140A37700EA7A6B /* Info.plist */,
			);
			path = JasonW;
			sourceTree = "<group>";
		};
		D4897A4D2140A37700EA7A6B /* JasonWTests */ = {
			isa = PBXGroup;
			children = (
				D4897A4E2140A37700EA7A6B /* JasonWTests.swift */,
				D4897A502140A37700EA7A6B /* Info.plist */,
			);
			path = JasonWTests;
			sourceTree = "<group>";
		};
		D4897A582140A37700EA7A6B /* JasonWUITests */ = {
			isa = PBXGroup;
			children = (
				D4897A592140A37700EA7A6B /* JasonWUITests.swift */,
				D4897A5B2140A37700EA7A6B /* Info.plist */,
			);
			path = JasonWUITests;
			sourceTree = "<group>";
		};
/* End PBXGroup section */

/* Begin PBXNativeTarget section */
		D4897A352140A37600EA7A6B /* JasonW */ = {
			isa = PBXNativeTarget;
			buildConfigurationList = D4897A5E2140A37700EA7A6B /* Build configuration list for PBXNativeTarget "JasonW" */;
			buildPhases = (
				D4897A322140A37600EA7A6B /* Sources */,
				D4897A332140A37600EA7A6B /* Frameworks */,
				D4897A342140A37600EA7A6B /* Resources */,
			);
			buildRules = (
			);
			dependencies = (
			);
			name = JasonW;
			productName = JasonW;
			productReference = D4897A362140A37600EA7A6B /* JasonW.app */;
			productType = "com.apple.product-type.application";
		};
		D4897A492140A37700EA7A6B /* JasonWTests */ = {
			isa = PBXNativeTarget;
			buildConfigurationList = D4897A612140A37700EA7A6B /* Build configuration list for PBXNativeTarget "JasonWTests" */;
			buildPhases = (
				D4897A462140A37700EA7A6B /* Sources */,
				D4897A472140A37700EA7A6B /* Frameworks */,
				D4897A482140A37700EA7A6B /* Resources */,
			);
			buildRules = (
			);
			dependencies = (
				D4897A4C2140A37700EA7A6B /* PBXTargetDependency */,
			);
			name = JasonWTests;
			productName = JasonWTests;
			productReference = D4897A4A2140A37700EA7A6B /* JasonWTests.xctest */;
			productType = "com.apple.product-type.bundle.unit-test";
		};
		D4897A542140A37700EA7A6B /* JasonWUITests */ = {
			isa = PBXNativeTarget;
			buildConfigurationList = D4897A642140A37700EA7A6B /* Build configuration list for PBXNativeTarget "JasonWUITests" */;
			buildPhases = (
				D4897A512140A37700EA7A6B /* Sources */,
				D4897A522140A37700EA7A6B /* Frameworks */,
				D4897A532140A37700EA7A6B /* Resources */,
			);
			buildRules = (
			);
			dependencies = (
				D4897A572140A37700EA7A6B /* PBXTargetDependency */,
			);
			name = JasonWUITests;
			productName = JasonWUITests;
			productReference = D4897A552140A37700EA7A6B /* JasonWUITests.xctest */;
			productType = "com.apple.product-type.bundle.ui-testing";
		};
/* End PBXNativeTarget section */

/* Begin PBXProject section */
		D4897A2E2140A37600EA7A6B /* Project object */ = {
			isa = PBXProject;
			attributes = {
				LastSwiftUpdateCheck = 0940;
				LastUpgradeCheck = 0940;
				ORGANIZATIONNAME = "Jason wang";
				TargetAttributes = {
					D4897A352140A37600EA7A6B = {
						CreatedOnToolsVersion = 9.4.1;
					};
					D4897A492140A37700EA7A6B = {
						CreatedOnToolsVersion = 9.4.1;
						TestTargetID = D4897A352140A37600EA7A6B;
					};
					D4897A542140A37700EA7A6B = {
						CreatedOnToolsVersion = 9.4.1;
						TestTargetID = D4897A352140A37600EA7A6B;
					};
				};
			};
			buildConfigurationList = D4897A312140A37600EA7A6B /* Build configuration list for PBXProject "JasonW" */;
			compatibilityVersion = "Xcode 9.3";
			developmentRegion = en;
			hasScannedForEncodings = 0;
			knownRegions = (
				en,
				Base,
			);
			mainGroup = D4897A2D2140A37600EA7A6B;
			productRefGroup = D4897A372140A37600EA7A6B /* Products */;
			projectDirPath = "";
			projectRoot = "";
			targets = (
				D4897A352140A37600EA7A6B /* JasonW */,
				D4897A492140A37700EA7A6B /* JasonWTests */,
				D4897A542140A37700EA7A6B /* JasonWUITests */,
			);
		};
/* End PBXProject section */

/* Begin PBXResourcesBuildPhase section */
		D4897A342140A37600EA7A6B /* Resources */ = {
			isa = PBXResourcesBuildPhase;
			buildActionMask = 2147483647;
			files = (
				D4897A442140A37700EA7A6B /* LaunchScreen.storyboard in Resources */,
				D4897A412140A37700EA7A6B /* Assets.xcassets in Resources */,
				D4897A3F2140A37600EA7A6B /* Main.storyboard in Resources */,
			);
			runOnlyForDeploymentPostprocessing = 0;
		};
		D4897A482140A37700EA7A6B /* Resources */ = {
			isa = PBXResourcesBuildPhase;
			buildActionMask = 2147483647;
			files = (
			);
			runOnlyForDeploymentPostprocessing = 0;
		};
		D4897A532140A37700EA7A6B /* Resources */ = {
			isa = PBXResourcesBuildPhase;
			buildActionMask = 2147483647;
			files = (
			);
			runOnlyForDeploymentPostprocessing = 0;
		};
/* End PBXResourcesBuildPhase section */

/* Begin PBXSourcesBuildPhase section */
		D4897A322140A37600EA7A6B /* Sources */ = {
			isa = PBXSourcesBuildPhase;
			buildActionMask = 2147483647;
			files = (
				D4897A3C2140A37600EA7A6B /* ViewController.swift in Sources */,
				D4897A3A2140A37600EA7A6B /* AppDelegate.swift in Sources */,
			);
			runOnlyForDeploymentPostprocessing = 0;
		};
		D4897A462140A37700EA7A6B /* Sources */ = {
			isa = PBXSourcesBuildPhase;
			buildActionMask = 2147483647;
			files = (
				D4897A4F2140A37700EA7A6B /* JasonWTests.swift in Sources */,
			);
			runOnlyForDeploymentPostprocessing = 0;
		};
		D4897A512140A37700EA7A6B /* Sources */ = {
			isa = PBXSourcesBuildPhase;
			buildActionMask = 2147483647;
			files = (
				D4897A5A2140A37700EA7A6B /* JasonWUITests.swift in Sources */,
			);
			runOnlyForDeploymentPostprocessing = 0;
		};
/* End PBXSourcesBuildPhase section */

/* Begin PBXTargetDependency section */
		D4897A4C2140A37700EA7A6B /* PBXTargetDependency */ = {
			isa = PBXTargetDependency;
			target = D4897A352140A37600EA7A6B /* JasonW */;
			targetProxy = D4897A4B2140A37700EA7A6B /* PBXContainerItemProxy */;
		};
		D4897A572140A37700EA7A6B /* PBXTargetDependency */ = {
			isa = PBXTargetDependency;
			target = D4897A352140A37600EA7A6B /* JasonW */;
			targetProxy = D4897A562140A37700EA7A6B /* PBXContainerItemProxy */;
		};
/* End PBXTargetDependency section */

/* Begin PBXVariantGroup section */
		D4897A3D2140A37600EA7A6B /* Main.storyboard */ = {
			isa = PBXVariantGroup;
			children = (
				D4897A3E2140A37600EA7A6B /* Base */,
			);
			name = Main.storyboard;
			sourceTree = "<group>";
		};
		D4897A422140A37700EA7A6B /* LaunchScreen.storyboard */ = {
			isa = PBXVariantGroup;
			children = (
				D4897A432140A37700EA7A6B /* Base */,
			);
			name = LaunchScreen.storyboard;
			sourceTree = "<group>";
		};
/* End PBXVariantGroup section */

/* Begin XCBuildConfiguration section */
		D4897A5C2140A37700EA7A6B /* Debug */ = {
			isa = XCBuildConfiguration;
			buildSettings = {
				ALWAYS_SEARCH_USER_PATHS = NO;
				CLANG_ANALYZER_NONNULL = YES;
				CLANG_ANALYZER_NUMBER_OBJECT_CONVERSION = YES_AGGRESSIVE;
				CLANG_CXX_LANGUAGE_STANDARD = "gnu++14";
				CLANG_CXX_LIBRARY = "libc++";
				CLANG_ENABLE_MODULES = YES;
				CLANG_ENABLE_OBJC_ARC = YES;
				CLANG_ENABLE_OBJC_WEAK = YES;
				CLANG_WARN_BLOCK_CAPTURE_AUTORELEASING = YES;
				CLANG_WARN_BOOL_CONVERSION = YES;
				CLANG_WARN_COMMA = YES;
				CLANG_WARN_CONSTANT_CONVERSION = YES;
				CLANG_WARN_DEPRECATED_OBJC_IMPLEMENTATIONS = YES;
				CLANG_WARN_DIRECT_OBJC_ISA_USAGE = YES_ERROR;
				CLANG_WARN_DOCUMENTATION_COMMENTS = YES;
				CLANG_WARN_EMPTY_BODY = YES;
				CLANG_WARN_ENUM_CONVERSION = YES;
				CLANG_WARN_INFINITE_RECURSION = YES;
				CLANG_WARN_INT_CONVERSION = YES;
				CLANG_WARN_NON_LITERAL_NULL_CONVERSION = YES;
				CLANG_WARN_OBJC_IMPLICIT_RETAIN_SELF = YES;
				CLANG_WARN_OBJC_LITERAL_CONVERSION = YES;
				CLANG_WARN_OBJC_ROOT_CLASS = YES_ERROR;
				CLANG_WARN_RANGE_LOOP_ANALYSIS = YES;
				CLANG_WARN_STRICT_PROTOTYPES = YES;
				CLANG_WARN_SUSPICIOUS_MOVE = YES;
				CLANG_WARN_UNGUARDED_AVAILABILITY = YES_AGGRESSIVE;
				CLANG_WARN_UNREACHABLE_CODE = YES;
				CLANG_WARN__DUPLICATE_METHOD_MATCH = YES;
				CODE_SIGN_IDENTITY = "iPhone Developer";
				COPY_PHASE_STRIP = NO;
				DEBUG_INFORMATION_FORMAT = dwarf;
				ENABLE_STRICT_OBJC_MSGSEND = YES;
				ENABLE_TESTABILITY = YES;
				GCC_C_LANGUAGE_STANDARD = gnu11;
				GCC_DYNAMIC_NO_PIC = NO;
				GCC_NO_COMMON_BLOCKS = YES;
				GCC_OPTIMIZATION_LEVEL = 0;
				GCC_PREPROCESSOR_DEFINITIONS = (
					"DEBUG=1",
					"$(inherited)",
				);
				GCC_WARN_64_TO_32_BIT_CONVERSION = YES;
				GCC_WARN_ABOUT_RETURN_TYPE = YES_ERROR;
				GCC_WARN_UNDECLARED_SELECTOR = YES;
				GCC_WARN_UNINITIALIZED_AUTOS = YES_AGGRESSIVE;
				GCC_WARN_UNUSED_FUNCTION = YES;
				GCC_WARN_UNUSED_VARIABLE = YES;
				IPHONEOS_DEPLOYMENT_TARGET = 11.4;
				MTL_ENABLE_DEBUG_INFO = YES;
				ONLY_ACTIVE_ARCH = YES;
				SDKROOT = iphoneos;
				SWIFT_ACTIVE_COMPILATION_CONDITIONS = DEBUG;
				SWIFT_OPTIMIZATION_LEVEL = "-Onone";
			};
			name = Debug;
		};
		D4897A5D2140A37700EA7A6B /* Release */ = {
			isa = XCBuildConfiguration;
			buildSettings = {
				ALWAYS_SEARCH_USER_PATHS = NO;
				CLANG_ANALYZER_NONNULL = YES;
				CLANG_ANALYZER_NUMBER_OBJECT_CONVERSION = YES_AGGRESSIVE;
				CLANG_CXX_LANGUAGE_STANDARD = "gnu++14";
				CLANG_CXX_LIBRARY = "libc++";
				CLANG_ENABLE_MODULES = YES;
				CLANG_ENABLE_OBJC_ARC = YES;
				CLANG_ENABLE_OBJC_WEAK = YES;
				CLANG_WARN_BLOCK_CAPTURE_AUTORELEASING = YES;
				CLANG_WARN_BOOL_CONVERSION = YES;
				CLANG_WARN_COMMA = YES;
				CLANG_WARN_CONSTANT_CONVERSION = YES;
				CLANG_WARN_DEPRECATED_OBJC_IMPLEMENTATIONS = YES;
				CLANG_WARN_DIRECT_OBJC_ISA_USAGE = YES_ERROR;
				CLANG_WARN_DOCUMENTATION_COMMENTS = YES;
				CLANG_WARN_EMPTY_BODY = YES;
				CLANG_WARN_ENUM_CONVERSION = YES;
				CLANG_WARN_INFINITE_RECURSION = YES;
				CLANG_WARN_INT_CONVERSION = YES;
				CLANG_WARN_NON_LITERAL_NULL_CONVERSION = YES;
				CLANG_WARN_OBJC_IMPLICIT_RETAIN_SELF = YES;
				CLANG_WARN_OBJC_LITERAL_CONVERSION = YES;
				CLANG_WARN_OBJC_ROOT_CLASS = YES_ERROR;
				CLANG_WARN_RANGE_LOOP_ANALYSIS = YES;
				CLANG_WARN_STRICT_PROTOTYPES = YES;
				CLANG_WARN_SUSPICIOUS_MOVE = YES;
				CLANG_WARN_UNGUARDED_AVAILABILITY = YES_AGGRESSIVE;
				CLANG_WARN_UNREACHABLE_CODE = YES;
				CLANG_WARN__DUPLICATE_METHOD_MATCH = YES;
				CODE_SIGN_IDENTITY = "iPhone Developer";
				COPY_PHASE_STRIP = NO;
				DEBUG_INFORMATION_FORMAT = "dwarf-with-dsym";
				ENABLE_NS_ASSERTIONS = NO;
				ENABLE_STRICT_OBJC_MSGSEND = YES;
				GCC_C_LANGUAGE_STANDARD = gnu11;
				GCC_NO_COMMON_BLOCKS = YES;
				GCC_WARN_64_TO_32_BIT_CONVERSION = YES;
				GCC_WARN_ABOUT_RETURN_TYPE = YES_ERROR;
				GCC_WARN_UNDECLARED_SELECTOR = YES;
				GCC_WARN_UNINITIALIZED_AUTOS = YES_AGGRESSIVE;
				GCC_WARN_UNUSED_FUNCTION = YES;
				GCC_WARN_UNUSED_VARIABLE = YES;
				IPHONEOS_DEPLOYMENT_TARGET = 11.4;
				MTL_ENABLE_DEBUG_INFO = NO;
				SDKROOT = iphoneos;
				SWIFT_COMPILATION_MODE = wholemodule;
				SWIFT_OPTIMIZATION_LEVEL = "-O";
				VALIDATE_PRODUCT = YES;
			};
			name = Release;
		};
		D4897A5F2140A37700EA7A6B /* Debug */ = {
			isa = XCBuildConfiguration;
			buildSettings = {
				ASSETCATALOG_COMPILER_APPICON_NAME = AppIcon;
				CODE_SIGN_STYLE = Automatic;
				DEVELOPMENT_TEAM = 55V3ELH4AV;
				INFOPLIST_FILE = JasonW/Info.plist;
				LD_RUNPATH_SEARCH_PATHS = (
					"$(inherited)",
					"@executable_path/Frameworks",
				);
				PRODUCT_BUNDLE_IDENTIFIER = com.jasonwang.JasonW;
				PRODUCT_NAME = "$(TARGET_NAME)";
				SWIFT_VERSION = 4.0;
				TARGETED_DEVICE_FAMILY = "1,2";
			};
			name = Debug;
		};
		D4897A602140A37700EA7A6B /* Release */ = {
			isa = XCBuildConfiguration;
			buildSettings = {
				ASSETCATALOG_COMPILER_APPICON_NAME = AppIcon;
				CODE_SIGN_STYLE = Automatic;
				DEVELOPMENT_TEAM = 55V3ELH4AV;
				INFOPLIST_FILE = JasonW/Info.plist;
				LD_RUNPATH_SEARCH_PATHS = (
					"$(inherited)",
					"@executable_path/Frameworks",
				);
				PRODUCT_BUNDLE_IDENTIFIER = com.jasonwang.JasonW;
				PRODUCT_NAME = "$(TARGET_NAME)";
				SWIFT_VERSION = 4.0;
				TARGETED_DEVICE_FAMILY = "1,2";
			};
			name = Release;
		};
		D4897A622140A37700EA7A6B /* Debug */ = {
			isa = XCBuildConfiguration;
			buildSettings = {
				ALWAYS_EMBED_SWIFT_STANDARD_LIBRARIES = YES;
				BUNDLE_LOADER = "$(TEST_HOST)";
				CODE_SIGN_STYLE = Automatic;
				DEVELOPMENT_TEAM = 55V3ELH4AV;
				INFOPLIST_FILE = JasonWTests/Info.plist;
				LD_RUNPATH_SEARCH_PATHS = (
					"$(inherited)",
					"@executable_path/Frameworks",
					"@loader_path/Frameworks",
				);
				PRODUCT_BUNDLE_IDENTIFIER = com.jasonwang.JasonWTests;
				PRODUCT_NAME = "$(TARGET_NAME)";
				SWIFT_VERSION = 4.0;
				TARGETED_DEVICE_FAMILY = "1,2";
				TEST_HOST = "$(BUILT_PRODUCTS_DIR)/JasonW.app/JasonW";
			};
			name = Debug;
		};
		D4897A632140A37700EA7A6B /* Release */ = {
			isa = XCBuildConfiguration;
			buildSettings = {
				ALWAYS_EMBED_SWIFT_STANDARD_LIBRARIES = YES;
				BUNDLE_LOADER = "$(TEST_HOST)";
				CODE_SIGN_STYLE = Automatic;
				DEVELOPMENT_TEAM = 55V3ELH4AV;
				INFOPLIST_FILE = JasonWTests/Info.plist;
				LD_RUNPATH_SEARCH_PATHS = (
					"$(inherited)",
					"@executable_path/Frameworks",
					"@loader_path/Frameworks",
				);
				PRODUCT_BUNDLE_IDENTIFIER = com.jasonwang.JasonWTests;
				PRODUCT_NAME = "$(TARGET_NAME)";
				SWIFT_VERSION = 4.0;
				TARGETED_DEVICE_FAMILY = "1,2";
				TEST_HOST = "$(BUILT_PRODUCTS_DIR)/JasonW.app/JasonW";
			};
			name = Release;
		};
		D4897A652140A37700EA7A6B /* Debug */ = {
			isa = XCBuildConfiguration;
			buildSettings = {
				ALWAYS_EMBED_SWIFT_STANDARD_LIBRARIES = YES;
				CODE_SIGN_STYLE = Automatic;
				DEVELOPMENT_TEAM = 55V3ELH4AV;
				INFOPLIST_FILE = JasonWUITests/Info.plist;
				LD_RUNPATH_SEARCH_PATHS = (
					"$(inherited)",
					"@executable_path/Frameworks",
					"@loader_path/Frameworks",
				);
				PRODUCT_BUNDLE_IDENTIFIER = com.jasonwang.JasonWUITests;
				PRODUCT_NAME = "$(TARGET_NAME)";
				SWIFT_VERSION = 4.0;
				TARGETED_DEVICE_FAMILY = "1,2";
				TEST_TARGET_NAME = JasonW;
			};
			name = Debug;
		};
		D4897A662140A37700EA7A6B /* Release */ = {
			isa = XCBuildConfiguration;
			buildSettings = {
				ALWAYS_EMBED_SWIFT_STANDARD_LIBRARIES = YES;
				CODE_SIGN_STYLE = Automatic;
				DEVELOPMENT_TEAM = 55V3ELH4AV;
				INFOPLIST_FILE = JasonWUITests/Info.plist;
				LD_RUNPATH_SEARCH_PATHS = (
					"$(inherited)",
					"@executable_path/Frameworks",
					"@loader_path/Frameworks",
				);
				PRODUCT_BUNDLE_IDENTIFIER = com.jasonwang.JasonWUITests;
				PRODUCT_NAME = "$(TARGET_NAME)";
				SWIFT_VERSION = 4.0;
				TARGETED_DEVICE_FAMILY = "1,2";
				TEST_TARGET_NAME = JasonW;
			};
			name = Release;
		};
/* End XCBuildConfiguration section */

/* Begin XCConfigurationList section */
		D4897A312140A37600EA7A6B /* Build configuration list for PBXProject "JasonW" */ = {
			isa = XCConfigurationList;
			buildConfigurations = (
				D4897A5C2140A37700EA7A6B /* Debug */,
				D4897A5D2140A37700EA7A6B /* Release */,
			);
			defaultConfigurationIsVisible = 0;
			defaultConfigurationName = Release;
		};
		D4897A5E2140A37700EA7A6B /* Build configuration list for PBXNativeTarget "JasonW" */ = {
			isa = XCConfigurationList;
			buildConfigurations = (
				D4897A5F2140A37700EA7A6B /* Debug */,
				D4897A602140A37700EA7A6B /* Release */,
			);
			defaultConfigurationIsVisible = 0;
			defaultConfigurationName = Release;
		};
		D4897A612140A37700EA7A6B /* Build configuration list for PBXNativeTarget "JasonWTests" */ = {
			isa = XCConfigurationList;
			buildConfigurations = (
				D4897A622140A37700EA7A6B /* Debug */,
				D4897A632140A37700EA7A6B /* Release */,
			);
			defaultConfigurationIsVisible = 0;
			defaultConfigurationName = Release;
		};
		D4897A642140A37700EA7A6B /* Build configuration list for PBXNativeTarget "JasonWUITests" */ = {
			isa = XCConfigurationList;
			buildConfigurations = (
				D4897A652140A37700EA7A6B /* Debug */,
				D4897A662140A37700EA7A6B /* Release */,
			);
			defaultConfigurationIsVisible = 0;
			defaultConfigurationName = Release;
		};
/* End XCConfigurationList section */
	};
	rootObject = D4897A2E2140A37600EA7A6B /* Project object */;
}
